
Microsoft Visual Studio Solution File, Format Version 12.00
# Visual Studio Version 17
VisualStudioVersion = 17.8.34330.188
MinimumVisualStudioVersion = 10.0.40219.1
Project("{9A19103F-16F7-4668-BE54-9A1E7A4F7556}") = "Complaint", "Complaint\Complaint.csproj", "{76423646-10C8-4ED5-A86B-5CFC681778A2}"
EndProject
Project("{FAE04EC0-301F-11D3-BF4B-00C04F79EFBC}") = "RDLCDesign", "RDLCDesign\RDLCDesign.csproj", "{7A593EA1-F386-41FF-A9A6-05936B11EBFC}"
EndProject
Global
	GlobalSection(SolutionConfigurationPlatforms) = preSolution
		Debug|Any CPU = Debug|Any CPU
		Release|Any CPU = Release|Any CPU
	EndGlobalSection
	GlobalSection(ProjectConfigurationPlatforms) = postSolution
		{76423646-10C8-4ED5-A86B-5CFC681778A2}.Debug|Any CPU.ActiveCfg = Debug|Any CPU
		{76423646-10C8-4ED5-A86B-5CFC681778A2}.Debug|Any CPU.Build.0 = Debug|Any CPU
		{76423646-10C8-4ED5-A86B-5CFC681778A2}.Release|Any CPU.ActiveCfg = Release|Any CPU
		{76423646-10C8-4ED5-A86B-5CFC681778A2}.Release|Any CPU.Build.0 = Release|Any CPU
		{7A593EA1-F386-41FF-A9A6-05936B11EBFC}.Debug|Any CPU.ActiveCfg = Debug|Any CPU
		{7A593EA1-F386-41FF-A9A6-05936B11EBFC}.Debug|Any CPU.Build.0 = Debug|Any CPU
		{7A593EA1-F386-41FF-A9A6-05936B11EBFC}.Release|Any CPU.ActiveCfg = Release|Any CPU
		{7A593EA1-F386-41FF-A9A6-05936B11EBFC}.Release|Any CPU.Build.0 = Release|Any CPU
	EndGlobalSection
	GlobalSection(SolutionProperties) = preSolution
		HideSolutionNode = FALSE
	EndGlobalSection
	GlobalSection(ExtensibilityGlobals) = postSolution
		SolutionGuid = {4B42006B-5E6F-460A-9334-4421B3753CEA}
	EndGlobalSection
EndGlobal
